
Microsoft Visual Studio Solution File, Format Version 12.00
# Visual Studio Version 17
VisualStudioVersion = 17.3.32922.545
MinimumVisualStudioVersion = 10.0.40219.1
Project("{9A19103F-16F7-4668-BE54-9A1E7A4F7556}") = "WebApiDemo", "WebApiDemo\WebApiDemo.csproj", "{650EA125-C151-4DF5-B040-DE8492DA23DC}"
EndProject
Project("{9A19103F-16F7-4668-BE54-9A1E7A4F7556}") = "IdentityServer", "WebApiDemo.IdentityServer\IdentityServer.csproj", "{564B2EC6-57B7-4F3F-839A-8DCDE5686B06}"
EndProject
Project("{2150E333-8FDC-42A3-9474-1A3956D46DE8}") = "Services", "Services", "{6DC3F305-7BB1-4E11-A40E-A4A97686330B}"
EndProject
Project("{9A19103F-16F7-4668-BE54-9A1E7A4F7556}") = "WebApiDemo.Common", "WebApiDemo.Common\WebApiDemo.Common.csproj", "{CBDF47C8-A7C4-41CA-B624-2046D6F8A30C}"
EndProject
Project("{9A19103F-16F7-4668-BE54-9A1E7A4F7556}") = "WebApiDemo.Services.Infrastructure", "WebApiDemo.Services.Infrastructure\WebApiDemo.Services.Infrastructure.csproj", "{37BEC8A9-CE18-46C9-B0CD-9309C055087D}"
EndProject
Global
	GlobalSection(SolutionConfigurationPlatforms) = preSolution
		Debug|Any CPU = Debug|Any CPU
		Release|Any CPU = Release|Any CPU
	EndGlobalSection
	GlobalSection(ProjectConfigurationPlatforms) = postSolution
		{650EA125-C151-4DF5-B040-DE8492DA23DC}.Debug|Any CPU.ActiveCfg = Debug|Any CPU
		{650EA125-C151-4DF5-B040-DE8492DA23DC}.Debug|Any CPU.Build.0 = Debug|Any CPU
		{650EA125-C151-4DF5-B040-DE8492DA23DC}.Release|Any CPU.ActiveCfg = Release|Any CPU
		{650EA125-C151-4DF5-B040-DE8492DA23DC}.Release|Any CPU.Build.0 = Release|Any CPU
		{564B2EC6-57B7-4F3F-839A-8DCDE5686B06}.Debug|Any CPU.ActiveCfg = Debug|Any CPU
		{564B2EC6-57B7-4F3F-839A-8DCDE5686B06}.Debug|Any CPU.Build.0 = Debug|Any CPU
		{564B2EC6-57B7-4F3F-839A-8DCDE5686B06}.Release|Any CPU.ActiveCfg = Release|Any CPU
		{564B2EC6-57B7-4F3F-839A-8DCDE5686B06}.Release|Any CPU.Build.0 = Release|Any CPU
		{CBDF47C8-A7C4-41CA-B624-2046D6F8A30C}.Debug|Any CPU.ActiveCfg = Debug|Any CPU
		{CBDF47C8-A7C4-41CA-B624-2046D6F8A30C}.Debug|Any CPU.Build.0 = Debug|Any CPU
		{CBDF47C8-A7C4-41CA-B624-2046D6F8A30C}.Release|Any CPU.ActiveCfg = Release|Any CPU
		{CBDF47C8-A7C4-41CA-B624-2046D6F8A30C}.Release|Any CPU.Build.0 = Release|Any CPU
		{37BEC8A9-CE18-46C9-B0CD-9309C055087D}.Debug|Any CPU.ActiveCfg = Debug|Any CPU
		{37BEC8A9-CE18-46C9-B0CD-9309C055087D}.Debug|Any CPU.Build.0 = Debug|Any CPU
		{37BEC8A9-CE18-46C9-B0CD-9309C055087D}.Release|Any CPU.ActiveCfg = Release|Any CPU
		{37BEC8A9-CE18-46C9-B0CD-9309C055087D}.Release|Any CPU.Build.0 = Release|Any CPU
	EndGlobalSection
	GlobalSection(SolutionProperties) = preSolution
		HideSolutionNode = FALSE
	EndGlobalSection
	GlobalSection(NestedProjects) = preSolution
		{650EA125-C151-4DF5-B040-DE8492DA23DC} = {6DC3F305-7BB1-4E11-A40E-A4A97686330B}
		{564B2EC6-57B7-4F3F-839A-8DCDE5686B06} = {6DC3F305-7BB1-4E11-A40E-A4A97686330B}
	EndGlobalSection
	GlobalSection(ExtensibilityGlobals) = postSolution
		SolutionGuid = {8F24247B-8613-49A5-B809-1FDDBF041D45}
	EndGlobalSection
EndGlobal
